{
  "lockfileVersion": 1,
  "workspaces": {
    "": {
      "name": "bun-test",
      "devDependencies": {
        "@bun-test/tsconfig": "workspace:*",
        "bun-types": "1.2.0",
        "turbo": "2.3.4",
      },
      "peerDependencies": {
        "typescript": "5.7.3",
      },
    },
    "apps/hub": {
      "name": "@bun-test/hub",
      "version": "0.0.0",
      "dependencies": {
        "hono": "4.6.18",
        "react": "19.0.0",
        "react-dom": "19.0.0",
        "react-router": "7.1.3",
      },
      "devDependencies": {
        "@bun-test/tsconfig": "workspace:*",
        "@types/react": "19.0.8",
        "@types/react-dom": "19.0.3",
        "bun-types": "1.2.0",
      },
      "peerDependencies": {
        "typescript": "5.7.3",
      },
    },
    "packages/tsconfig": {
      "name": "@bun-test/tsconfig",
    },
  },
  "packages": {
    "@bun-test/hub": ["@bun-test/hub@workspace:apps/hub"],

    "@bun-test/tsconfig": ["@bun-test/tsconfig@workspace:packages/tsconfig"],

    "@types/cookie": ["@types/cookie@0.6.0", "", {}, "sha512-4Kh9a6B2bQciAhf7FSuMRRkUWecJgJu9nPnx3yzpsfXX/c50REIqpHY4C82bXP90qrLtXtkDxTZosYO3UpOwlA=="],

    "@types/node": ["@types/node@22.10.10", "", { "dependencies": { "undici-types": "~6.20.0" } }, "sha512-X47y/mPNzxviAGY5TcYPtYL8JsY3kAq2n8fMmKoRCxq/c4v4pyGNCzM2R6+M5/umG4ZfHuT+sgqDYqWc9rJ6ww=="],

    "@types/react": ["@types/react@19.0.8", "", { "dependencies": { "csstype": "^3.0.2" } }, "sha512-9P/o1IGdfmQxrujGbIMDyYaaCykhLKc0NGCtYcECNUr9UAaDe4gwvV9bR6tvd5Br1SG0j+PBpbKr2UYY8CwqSw=="],

    "@types/react-dom": ["@types/react-dom@19.0.3", "", { "peerDependencies": { "@types/react": "^19.0.0" } }, "sha512-0Knk+HJiMP/qOZgMyNFamlIjw9OFCsyC2ZbigmEEyXXixgre6IQpm/4V+r3qH4GC1JPvRJKInw+on2rV6YZLeA=="],

    "@types/ws": ["@types/ws@8.5.14", "", { "dependencies": { "@types/node": "*" } }, "sha512-bd/YFLW+URhBzMXurx7lWByOu+xzU9+kb3RboOteXYDfW+tr+JZa99OyNmPINEGB/ahzKrEuc8rcv4gnpJmxTw=="],

    "bun-types": ["bun-types@1.2.0", "", { "dependencies": { "@types/node": "*", "@types/ws": "~8.5.10" } }, "sha512-KEaJxyZfbV/c4eyG0vyehDpYmBGreNiQbZIqvVHJwZ4BmeuWlNZ7EAzMN2Zcd7ailmS/tGVW0BgYbGf+lGEpWw=="],

    "cookie": ["cookie@1.0.2", "", {}, "sha512-9Kr/j4O16ISv8zBBhJoi4bXOYNTkFLOqSL3UDB0njXxCXNezjeyVrJyGOWtgfs/q2km1gwBcfH8q1yEGoMYunA=="],

    "csstype": ["csstype@3.1.3", "", {}, "sha512-M1uQkMl8rQK/szD0LNhtqxIPLpimGm8sOBwU7lLnCpSbTyY3yeU1Vc7l4KT5zT4s/yOxHH5O7tIuuLOCnLADRw=="],

    "hono": ["hono@4.6.18", "", {}, "sha512-Fu7hEPvdwtPG8LqSAiPn8p8HjD+PDxrP/HVnwRBnwtVKOn5zDDKsw0ma2Xt58oq97Rlp3t/mRNADEV/Ym6cDng=="],

    "react": ["react@19.0.0", "", {}, "sha512-V8AVnmPIICiWpGfm6GLzCR/W5FXLchHop40W4nXBmdlEceh16rCN8O8LNWm5bh5XUX91fh7KpA+W0TgMKmgTpQ=="],

    "react-dom": ["react-dom@19.0.0", "", { "dependencies": { "scheduler": "^0.25.0" }, "peerDependencies": { "react": "^19.0.0" } }, "sha512-4GV5sHFG0e/0AD4X+ySy6UJd3jVl1iNsNHdpad0qhABJ11twS3TTBnseqsKurKcsNqCEFeGL3uLpVChpIO3QfQ=="],

    "react-router": ["react-router@7.1.3", "", { "dependencies": { "@types/cookie": "^0.6.0", "cookie": "^1.0.1", "set-cookie-parser": "^2.6.0", "turbo-stream": "2.4.0" }, "peerDependencies": { "react": ">=18", "react-dom": ">=18" }, "optionalPeers": ["react-dom"] }, "sha512-EezYymLY6Guk/zLQ2vRA8WvdUhWFEj5fcE3RfWihhxXBW7+cd1LsIiA3lmx+KCmneAGQuyBv820o44L2+TtkSA=="],

    "scheduler": ["scheduler@0.25.0", "", {}, "sha512-xFVuu11jh+xcO7JOAGJNOXld8/TcEHK/4CituBUeUb5hqxJLj9YuemAEuvm9gQ/+pgXYfbQuqAkiYu+u7YEsNA=="],

    "set-cookie-parser": ["set-cookie-parser@2.7.1", "", {}, "sha512-IOc8uWeOZgnb3ptbCURJWNjWUPcO3ZnTTdzsurqERrP6nPyv+paC55vJM0LpOlT2ne+Ix+9+CRG1MNLlyZ4GjQ=="],

    "turbo": ["turbo@2.3.4", "", { "optionalDependencies": { "turbo-darwin-64": "2.3.4", "turbo-darwin-arm64": "2.3.4", "turbo-linux-64": "2.3.4", "turbo-linux-arm64": "2.3.4", "turbo-windows-64": "2.3.4", "turbo-windows-arm64": "2.3.4" }, "bin": { "turbo": "bin/turbo" } }, "sha512-1kiLO5C0Okh5ay1DbHsxkPsw9Sjsbjzm6cF85CpWjR0BIyBFNDbKqtUyqGADRS1dbbZoQanJZVj4MS5kk8J42Q=="],

    "turbo-darwin-64": ["turbo-darwin-64@2.3.4", "", { "os": "darwin", "cpu": "x64" }, "sha512-uOi/cUIGQI7uakZygH+cZQ5D4w+aMLlVCN2KTGot+cmefatps2ZmRRufuHrEM0Rl63opdKD8/JIu+54s25qkfg=="],

    "turbo-darwin-arm64": ["turbo-darwin-arm64@2.3.4", "", { "os": "darwin", "cpu": "arm64" }, "sha512-IIM1Lq5R+EGMtM1YFGl4x8Xkr0MWb4HvyU8N4LNoQ1Be5aycrOE+VVfH+cDg/Q4csn+8bxCOxhRp5KmUflrVTQ=="],

    "turbo-linux-64": ["turbo-linux-64@2.3.4", "", { "os": "linux", "cpu": "x64" }, "sha512-1aD2EfR7NfjFXNH3mYU5gybLJEFi2IGOoKwoPLchAFRQ6OEJQj201/oNo9CDL75IIrQo64/NpEgVyZtoPlfhfA=="],

    "turbo-linux-arm64": ["turbo-linux-arm64@2.3.4", "", { "os": "linux", "cpu": "arm64" }, "sha512-MxTpdKwxCaA5IlybPxgGLu54fT2svdqTIxRd0TQmpRJIjM0s4kbM+7YiLk0mOh6dGqlWPUsxz/A0Mkn8Xr5o7Q=="],

    "turbo-stream": ["turbo-stream@2.4.0", "", {}, "sha512-FHncC10WpBd2eOmGwpmQsWLDoK4cqsA/UT/GqNoaKOQnT8uzhtCbg3EoUDMvqpOSAI0S26mr0rkjzbOO6S3v1g=="],

    "turbo-windows-64": ["turbo-windows-64@2.3.4", "", { "os": "win32", "cpu": "x64" }, "sha512-yyCrWqcRGu1AOOlrYzRnizEtdkqi+qKP0MW9dbk9OsMDXaOI5jlWtTY/AtWMkLw/czVJ7yS9Ex1vi9DB6YsFvw=="],

    "turbo-windows-arm64": ["turbo-windows-arm64@2.3.4", "", { "os": "win32", "cpu": "arm64" }, "sha512-PggC3qH+njPfn1PDVwKrQvvQby8X09ufbqZ2Ha4uSu+5TvPorHHkAbZVHKYj2Y+tvVzxRzi4Sv6NdHXBS9Be5w=="],

    "typescript": ["typescript@5.7.3", "", { "bin": { "tsc": "bin/tsc", "tsserver": "bin/tsserver" } }, "sha512-84MVSjMEHP+FQRPy3pX9sTVV/INIex71s9TL2Gm5FG/WG1SqXeKyZ0k7/blY/4FdOzI12CBy1vGc4og/eus0fw=="],

    "undici-types": ["undici-types@6.20.0", "", {}, "sha512-Ny6QZ2Nju20vw1SRHe3d9jVu6gJ+4e3+MMpqu7pqE5HT6WsTSlce++GQmK5UXS8mzV8DSYHrQH+Xrf2jVcuKNg=="],
  }
}
